
Microsoft Visual Studio Solution File, Format Version 12.00
# Visual Studio 15
VisualStudioVersion = 15.0.28307.271
MinimumVisualStudioVersion = 10.0.40219.1
Project("{FAE04EC0-301F-11D3-BF4B-00C04F79EFBC}") = "CK.SqlServer.Dapper", "CK.SqlServer.Dapper\CK.SqlServer.Dapper.csproj", "{09376B5E-D726-46AB-9840-70BC223AAC08}"
EndProject
Global
	GlobalSection(SolutionConfigurationPlatforms) = preSolution
		Debug|Any CPU = Debug|Any CPU
		Release|Any CPU = Release|Any CPU
	EndGlobalSection
	GlobalSection(ProjectConfigurationPlatforms) = postSolution
		{09376B5E-D726-46AB-9840-70BC223AAC08}.Debug|Any CPU.ActiveCfg = Debug|Any CPU
		{09376B5E-D726-46AB-9840-70BC223AAC08}.Debug|Any CPU.Build.0 = Debug|Any CPU
		{09376B5E-D726-46AB-9840-70BC223AAC08}.Release|Any CPU.ActiveCfg = Release|Any CPU
		{09376B5E-D726-46AB-9840-70BC223AAC08}.Release|Any CPU.Build.0 = Release|Any CPU
	EndGlobalSection
	GlobalSection(SolutionProperties) = preSolution
		HideSolutionNode = FALSE
	EndGlobalSection
	GlobalSection(ExtensibilityGlobals) = postSolution
		SolutionGuid = {0F15143E-E6FA-4EB4-A3F8-D01AFBB294EA}
	EndGlobalSection
EndGlobal
